// !$*UTF8*$!
{
	archiveVersion = 1;
	classes = {
	};
	objectVersion = 55;
	objects = {

/* Begin PBXBuildFile section */
		46FF95802802D46F00529F87 /* AppDelegate.swift in Sources */ = {isa = PBXBuildFile; fileRef = 46FF957F2802D46F00529F87 /* AppDelegate.swift */; };
		46FF95822802D46F00529F87 /* SceneDelegate.swift in Sources */ = {isa = PBXBuildFile; fileRef = 46FF95812802D46F00529F87 /* SceneDelegate.swift */; };
		46FF95842802D46F00529F87 /* AddNewReminderViewController.swift in Sources */ = {isa = PBXBuildFile; fileRef = 46FF95832802D46F00529F87 /* AddNewReminderViewController.swift */; };
		46FF95872802D46F00529F87 /* Main.storyboard in Resources */ = {isa = PBXBuildFile; fileRef = 46FF95852802D46F00529F87 /* Main.storyboard */; };
		46FF958A2802D46F00529F87 /* Reminders.xcdatamodeld in Sources */ = {isa = PBXBuildFile; fileRef = 46FF95882802D46F00529F87 /* Reminders.xcdatamodeld */; };
		46FF958C2802D47000529F87 /* Assets.xcassets in Resources */ = {isa = PBXBuildFile; fileRef = 46FF958B2802D47000529F87 /* Assets.xcassets */; };
		46FF958F2802D47000529F87 /* LaunchScreen.storyboard in Resources */ = {isa = PBXBuildFile; fileRef = 46FF958D2802D47000529F87 /* LaunchScreen.storyboard */; };
		46FF959A2802D47000529F87 /* RemindersTests.swift in Sources */ = {isa = PBXBuildFile; fileRef = 46FF95992802D47000529F87 /* RemindersTests.swift */; };
		46FF95A42802D47000529F87 /* RemindersUITests.swift in Sources */ = {isa = PBXBuildFile; fileRef = 46FF95A32802D47000529F87 /* RemindersUITests.swift */; };
		46FF95A62802D47000529F87 /* RemindersUITestsLaunchTests.swift in Sources */ = {isa = PBXBuildFile; fileRef = 46FF95A52802D47000529F87 /* RemindersUITestsLaunchTests.swift */; };
		46FF95B62802D93300529F87 /* RemindersViewCell.swift in Sources */ = {isa = PBXBuildFile; fileRef = 46FF95B52802D93300529F87 /* RemindersViewCell.swift */; };
		46FF95B82802DBEA00529F87 /* RemindersViewController.swift in Sources */ = {isa = PBXBuildFile; fileRef = 46FF95B72802DBEA00529F87 /* RemindersViewController.swift */; };
		46FF95BB2802DD1C00529F87 /* Constants.swift in Sources */ = {isa = PBXBuildFile; fileRef = 46FF95BA2802DD1C00529F87 /* Constants.swift */; };
		46FF95BD2802ECA500529F87 /* CoreDataManager.swift in Sources */ = {isa = PBXBuildFile; fileRef = 46FF95BC2802ECA500529F87 /* CoreDataManager.swift */; };
		46FF95BF28032B2B00529F87 /* ReminderDetailViewController.swift in Sources */ = {isa = PBXBuildFile; fileRef = 46FF95BE28032B2B00529F87 /* ReminderDetailViewController.swift */; };
		46FF95C328040EF200529F87 /* ExtensionMethod.swift in Sources */ = {isa = PBXBuildFile; fileRef = 46FF95C228040EF200529F87 /* ExtensionMethod.swift */; };
/* End PBXBuildFile section */

/* Begin PBXContainerItemProxy section */
		46FF95962802D47000529F87 /* PBXContainerItemProxy */ = {
			isa = PBXContainerItemProxy;
			containerPortal = 46FF95742802D46F00529F87 /* Project object */;
			proxyType = 1;
			remoteGlobalIDString = 46FF957B2802D46F00529F87;
			remoteInfo = Reminders;
		};
		46FF95A02802D47000529F87 /* PBXContainerItemProxy */ = {
			isa = PBXContainerItemProxy;
			containerPortal = 46FF95742802D46F00529F87 /* Project object */;
			proxyType = 1;
			remoteGlobalIDString = 46FF957B2802D46F00529F87;
			remoteInfo = Reminders;
		};
/* End PBXContainerItemProxy section */

/* Begin PBXFileReference section */
		46FF957C2802D46F00529F87 /* Reminders.app */ = {isa = PBXFileReference; explicitFileType = wrapper.application; includeInIndex = 0; path = Reminders.app; sourceTree = BUILT_PRODUCTS_DIR; };
		46FF957F2802D46F00529F87 /* AppDelegate.swift */ = {isa = PBXFileReference; lastKnownFileType = sourcecode.swift; path = AppDelegate.swift; sourceTree = "<group>"; };
		46FF95812802D46F00529F87 /* SceneDelegate.swift */ = {isa = PBXFileReference; lastKnownFileType = sourcecode.swift; path = SceneDelegate.swift; sourceTree = "<group>"; };
		46FF95832802D46F00529F87 /* AddNewReminderViewController.swift */ = {isa = PBXFileReference; lastKnownFileType = sourcecode.swift; path = AddNewReminderViewController.swift; sourceTree = "<group>"; };
		46FF95862802D46F00529F87 /* Base */ = {isa = PBXFileReference; lastKnownFileType = file.storyboard; name = Base; path = Base.lproj/Main.storyboard; sourceTree = "<group>"; };
		46FF95892802D46F00529F87 /* Reminders.xcdatamodel */ = {isa = PBXFileReference; lastKnownFileType = wrapper.xcdatamodel; path = Reminders.xcdatamodel; sourceTree = "<group>"; };
		46FF958B2802D47000529F87 /* Assets.xcassets */ = {isa = PBXFileReference; lastKnownFileType = folder.assetcatalog; path = Assets.xcassets; sourceTree = "<group>"; };
		46FF958E2802D47000529F87 /* Base */ = {isa = PBXFileReference; lastKnownFileType = file.storyboard; name = Base; path = Base.lproj/LaunchScreen.storyboard; sourceTree = "<group>"; };
		46FF95902802D47000529F87 /* Info.plist */ = {isa = PBXFileReference; lastKnownFileType = text.plist.xml; path = Info.plist; sourceTree = "<group>"; };
		46FF95952802D47000529F87 /* RemindersTests.xctest */ = {isa = PBXFileReference; explicitFileType = wrapper.cfbundle; includeInIndex = 0; path = RemindersTests.xctest; sourceTree = BUILT_PRODUCTS_DIR; };
		46FF95992802D47000529F87 /* RemindersTests.swift */ = {isa = PBXFileReference; lastKnownFileType = sourcecode.swift; path = RemindersTests.swift; sourceTree = "<group>"; };
		46FF959F2802D47000529F87 /* RemindersUITests.xctest */ = {isa = PBXFileReference; explicitFileType = wrapper.cfbundle; includeInIndex = 0; path = RemindersUITests.xctest; sourceTree = BUILT_PRODUCTS_DIR; };
		46FF95A32802D47000529F87 /* RemindersUITests.swift */ = {isa = PBXFileReference; lastKnownFileType = sourcecode.swift; path = RemindersUITests.swift; sourceTree = "<group>"; };
		46FF95A52802D47000529F87 /* RemindersUITestsLaunchTests.swift */ = {isa = PBXFileReference; lastKnownFileType = sourcecode.swift; path = RemindersUITestsLaunchTests.swift; sourceTree = "<group>"; };
		46FF95B52802D93300529F87 /* RemindersViewCell.swift */ = {isa = PBXFileReference; lastKnownFileType = sourcecode.swift; path = RemindersViewCell.swift; sourceTree = "<group>"; };
		46FF95B72802DBEA00529F87 /* RemindersViewController.swift */ = {isa = PBXFileReference; lastKnownFileType = sourcecode.swift; path = RemindersViewController.swift; sourceTree = "<group>"; };
		46FF95BA2802DD1C00529F87 /* Constants.swift */ = {isa = PBXFileReference; lastKnownFileType = sourcecode.swift; path = Constants.swift; sourceTree = "<group>"; };
		46FF95BC2802ECA500529F87 /* CoreDataManager.swift */ = {isa = PBXFileReference; lastKnownFileType = sourcecode.swift; path = CoreDataManager.swift; sourceTree = "<group>"; };
		46FF95BE28032B2B00529F87 /* ReminderDetailViewController.swift */ = {isa = PBXFileReference; lastKnownFileType = sourcecode.swift; path = ReminderDetailViewController.swift; sourceTree = "<group>"; };
		46FF95C228040EF200529F87 /* ExtensionMethod.swift */ = {isa = PBXFileReference; lastKnownFileType = sourcecode.swift; path = ExtensionMethod.swift; sourceTree = "<group>"; };
/* End PBXFileReference section */

/* Begin PBXFrameworksBuildPhase section */
		46FF95792802D46F00529F87 /* Frameworks */ = {
			isa = PBXFrameworksBuildPhase;
			buildActionMask = 2147483647;
			files = (
			);
			runOnlyForDeploymentPostprocessing = 0;
		};
		46FF95922802D47000529F87 /* Frameworks */ = {
			isa = PBXFrameworksBuildPhase;
			buildActionMask = 2147483647;
			files = (
			);
			runOnlyForDeploymentPostprocessing = 0;
		};
		46FF959C2802D47000529F87 /* Frameworks */ = {
			isa = PBXFrameworksBuildPhase;
			buildActionMask = 2147483647;
			files = (
			);
			runOnlyForDeploymentPostprocessing = 0;
		};
/* End PBXFrameworksBuildPhase section */

/* Begin PBXGroup section */
		46FF95732802D46F00529F87 = {
			isa = PBXGroup;
			children = (
				46FF957E2802D46F00529F87 /* Reminders */,
				46FF95982802D47000529F87 /* RemindersTests */,
				46FF95A22802D47000529F87 /* RemindersUITests */,
				46FF957D2802D46F00529F87 /* Products */,
			);
			sourceTree = "<group>";
		};
		46FF957D2802D46F00529F87 /* Products */ = {
			isa = PBXGroup;
			children = (
				46FF957C2802D46F00529F87 /* Reminders.app */,
				46FF95952802D47000529F87 /* RemindersTests.xctest */,
				46FF959F2802D47000529F87 /* RemindersUITests.xctest */,
			);
			name = Products;
			sourceTree = "<group>";
		};
		46FF957E2802D46F00529F87 /* Reminders */ = {
			isa = PBXGroup;
			children = (
				46FF95C128040EC500529F87 /* ExtensionMethod */,
				46FF95C028034B4900529F87 /* Models */,
				46FF95B92802DD0500529F87 /* Utility */,
				46FF95B42802D8E700529F87 /* View */,
				46FF95B32802D8D300529F87 /* ViewModels */,
				46FF95B22802D8C500529F87 /* Controllers */,
				46FF957F2802D46F00529F87 /* AppDelegate.swift */,
				46FF95812802D46F00529F87 /* SceneDelegate.swift */,
				46FF958B2802D47000529F87 /* Assets.xcassets */,
				46FF95902802D47000529F87 /* Info.plist */,
				46FF95882802D46F00529F87 /* Reminders.xcdatamodeld */,
			);
			path = Reminders;
			sourceTree = "<group>";
		};
		46FF95982802D47000529F87 /* RemindersTests */ = {
			isa = PBXGroup;
			children = (
				46FF95992802D47000529F87 /* RemindersTests.swift */,
			);
			path = RemindersTests;
			sourceTree = "<group>";
		};
		46FF95A22802D47000529F87 /* RemindersUITests */ = {
			isa = PBXGroup;
			children = (
				46FF95A32802D47000529F87 /* RemindersUITests.swift */,
				46FF95A52802D47000529F87 /* RemindersUITestsLaunchTests.swift */,
			);
			path = RemindersUITests;
			sourceTree = "<group>";
		};
		46FF95B22802D8C500529F87 /* Controllers */ = {
			isa = PBXGroup;
			children = (
				46FF95832802D46F00529F87 /* AddNewReminderViewController.swift */,
				46FF95B72802DBEA00529F87 /* RemindersViewController.swift */,
				46FF95BE28032B2B00529F87 /* ReminderDetailViewController.swift */,
			);
			path = Controllers;
			sourceTree = "<group>";
		};
		46FF95B32802D8D300529F87 /* ViewModels */ = {
			isa = PBXGroup;
			children = (
				46FF95B52802D93300529F87 /* RemindersViewCell.swift */,
			);
			path = ViewModels;
			sourceTree = "<group>";
		};
		46FF95B42802D8E700529F87 /* View */ = {
			isa = PBXGroup;
			children = (
				46FF95852802D46F00529F87 /* Main.storyboard */,
				46FF958D2802D47000529F87 /* LaunchScreen.storyboard */,
			);
			path = View;
			sourceTree = "<group>";
		};
		46FF95B92802DD0500529F87 /* Utility */ = {
			isa = PBXGroup;
			children = (
				46FF95BA2802DD1C00529F87 /* Constants.swift */,
			);
			path = Utility;
			sourceTree = "<group>";
		};
		46FF95C028034B4900529F87 /* Models */ = {
			isa = PBXGroup;
			children = (
				46FF95BC2802ECA500529F87 /* CoreDataManager.swift */,
			);
			path = Models;
			sourceTree = "<group>";
		};
		46FF95C128040EC500529F87 /* ExtensionMethod */ = {
			isa = PBXGroup;
			children = (
				46FF95C228040EF200529F87 /* ExtensionMethod.swift */,
			);
			path = ExtensionMethod;
			sourceTree = "<group>";
		};
/* End PBXGroup section */

/* Begin PBXNativeTarget section */
		46FF957B2802D46F00529F87 /* Reminders */ = {
			isa = PBXNativeTarget;
			buildConfigurationList = 46FF95A92802D47000529F87 /* Build configuration list for PBXNativeTarget "Reminders" */;
			buildPhases = (
				46FF95782802D46F00529F87 /* Sources */,
				46FF95792802D46F00529F87 /* Frameworks */,
				46FF957A2802D46F00529F87 /* Resources */,
			);
			buildRules = (
			);
			dependencies = (
			);
			name = Reminders;
			productName = Reminders;
			productReference = 46FF957C2802D46F00529F87 /* Reminders.app */;
			productType = "com.apple.product-type.application";
		};
		46FF95942802D47000529F87 /* RemindersTests */ = {
			isa = PBXNativeTarget;
			buildConfigurationList = 46FF95AC2802D47000529F87 /* Build configuration list for PBXNativeTarget "RemindersTests" */;
			buildPhases = (
				46FF95912802D47000529F87 /* Sources */,
				46FF95922802D47000529F87 /* Frameworks */,
				46FF95932802D47000529F87 /* Resources */,
			);
			buildRules = (
			);
			dependencies = (
				46FF95972802D47000529F87 /* PBXTargetDependency */,
			);
			name = RemindersTests;
			productName = RemindersTests;
			productReference = 46FF95952802D47000529F87 /* RemindersTests.xctest */;
			productType = "com.apple.product-type.bundle.unit-test";
		};
		46FF959E2802D47000529F87 /* RemindersUITests */ = {
			isa = PBXNativeTarget;
			buildConfigurationList = 46FF95AF2802D47000529F87 /* Build configuration list for PBXNativeTarget "RemindersUITests" */;
			buildPhases = (
				46FF959B2802D47000529F87 /* Sources */,
				46FF959C2802D47000529F87 /* Frameworks */,
				46FF959D2802D47000529F87 /* Resources */,
			);
			buildRules = (
			);
			dependencies = (
				46FF95A12802D47000529F87 /* PBXTargetDependency */,
			);
			name = RemindersUITests;
			productName = RemindersUITests;
			productReference = 46FF959F2802D47000529F87 /* RemindersUITests.xctest */;
			productType = "com.apple.product-type.bundle.ui-testing";
		};
/* End PBXNativeTarget section */

/* Begin PBXProject section */
		46FF95742802D46F00529F87 /* Project object */ = {
			isa = PBXProject;
			attributes = {
				BuildIndependentTargetsInParallel = 1;
				LastSwiftUpdateCheck = 1330;
				LastUpgradeCheck = 1330;
				TargetAttributes = {
					46FF957B2802D46F00529F87 = {
						CreatedOnToolsVersion = 13.3;
					};
					46FF95942802D47000529F87 = {
						CreatedOnToolsVersion = 13.3;
						TestTargetID = 46FF957B2802D46F00529F87;
					};
					46FF959E2802D47000529F87 = {
						CreatedOnToolsVersion = 13.3;
						TestTargetID = 46FF957B2802D46F00529F87;
					};
				};
			};
			buildConfigurationList = 46FF95772802D46F00529F87 /* Build configuration list for PBXProject "Reminders" */;
			compatibilityVersion = "Xcode 13.0";
			developmentRegion = en;
			hasScannedForEncodings = 0;
			knownRegions = (
				en,
				Base,
			);
			mainGroup = 46FF95732802D46F00529F87;
			productRefGroup = 46FF957D2802D46F00529F87 /* Products */;
			projectDirPath = "";
			projectRoot = "";
			targets = (
				46FF957B2802D46F00529F87 /* Reminders */,
				46FF95942802D47000529F87 /* RemindersTests */,
				46FF959E2802D47000529F87 /* RemindersUITests */,
			);
		};
/* End PBXProject section */

/* Begin PBXResourcesBuildPhase section */
		46FF957A2802D46F00529F87 /* Resources */ = {
			isa = PBXResourcesBuildPhase;
			buildActionMask = 2147483647;
			files = (
				46FF958F2802D47000529F87 /* LaunchScreen.storyboard in Resources */,
				46FF958C2802D47000529F87 /* Assets.xcassets in Resources */,
				46FF95872802D46F00529F87 /* Main.storyboard in Resources */,
			);
			runOnlyForDeploymentPostprocessing = 0;
		};
		46FF95932802D47000529F87 /* Resources */ = {
			isa = PBXResourcesBuildPhase;
			buildActionMask = 2147483647;
			files = (
			);
			runOnlyForDeploymentPostprocessing = 0;
		};
		46FF959D2802D47000529F87 /* Resources */ = {
			isa = PBXResourcesBuildPhase;
			buildActionMask = 2147483647;
			files = (
			);
			runOnlyForDeploymentPostprocessing = 0;
		};
/* End PBXResourcesBuildPhase section */

/* Begin PBXSourcesBuildPhase section */
		46FF95782802D46F00529F87 /* Sources */ = {
			isa = PBXSourcesBuildPhase;
			buildActionMask = 2147483647;
			files = (
				46FF95842802D46F00529F87 /* AddNewReminderViewController.swift in Sources */,
				46FF95802802D46F00529F87 /* AppDelegate.swift in Sources */,
				46FF95B82802DBEA00529F87 /* RemindersViewController.swift in Sources */,
				46FF95822802D46F00529F87 /* SceneDelegate.swift in Sources */,
				46FF95BB2802DD1C00529F87 /* Constants.swift in Sources */,
				46FF958A2802D46F00529F87 /* Reminders.xcdatamodeld in Sources */,
				46FF95C328040EF200529F87 /* ExtensionMethod.swift in Sources */,
				46FF95BF28032B2B00529F87 /* ReminderDetailViewController.swift in Sources */,
				46FF95BD2802ECA500529F87 /* CoreDataManager.swift in Sources */,
				46FF95B62802D93300529F87 /* RemindersViewCell.swift in Sources */,
			);
			runOnlyForDeploymentPostprocessing = 0;
		};
		46FF95912802D47000529F87 /* Sources */ = {
			isa = PBXSourcesBuildPhase;
			buildActionMask = 2147483647;
			files = (
				46FF959A2802D47000529F87 /* RemindersTests.swift in Sources */,
			);
			runOnlyForDeploymentPostprocessing = 0;
		};
		46FF959B2802D47000529F87 /* Sources */ = {
			isa = PBXSourcesBuildPhase;
			buildActionMask = 2147483647;
			files = (
				46FF95A62802D47000529F87 /* RemindersUITestsLaunchTests.swift in Sources */,
				46FF95A42802D47000529F87 /* RemindersUITests.swift in Sources */,
			);
			runOnlyForDeploymentPostprocessing = 0;
		};
/* End PBXSourcesBuildPhase section */

/* Begin PBXTargetDependency section */
		46FF95972802D47000529F87 /* PBXTargetDependency */ = {
			isa = PBXTargetDependency;
			target = 46FF957B2802D46F00529F87 /* Reminders */;
			targetProxy = 46FF95962802D47000529F87 /* PBXContainerItemProxy */;
		};
		46FF95A12802D47000529F87 /* PBXTargetDependency */ = {
			isa = PBXTargetDependency;
			target = 46FF957B2802D46F00529F87 /* Reminders */;
			targetProxy = 46FF95A02802D47000529F87 /* PBXContainerItemProxy */;
		};
/* End PBXTargetDependency section */

/* Begin PBXVariantGroup section */
		46FF95852802D46F00529F87 /* Main.storyboard */ = {
			isa = PBXVariantGroup;
			children = (
				46FF95862802D46F00529F87 /* Base */,
			);
			name = Main.storyboard;
			sourceTree = "<group>";
		};
		46FF958D2802D47000529F87 /* LaunchScreen.storyboard */ = {
			isa = PBXVariantGroup;
			children = (
				46FF958E2802D47000529F87 /* Base */,
			);
			name = LaunchScreen.storyboard;
			sourceTree = "<group>";
		};
/* End PBXVariantGroup section */

/* Begin XCBuildConfiguration section */
		46FF95A72802D47000529F87 /* Debug */ = {
			isa = XCBuildConfiguration;
			buildSettings = {
				ALWAYS_SEARCH_USER_PATHS = NO;
				CLANG_ANALYZER_NONNULL = YES;
				CLANG_ANALYZER_NUMBER_OBJECT_CONVERSION = YES_AGGRESSIVE;
				CLANG_CXX_LANGUAGE_STANDARD = "gnu++17";
				CLANG_ENABLE_MODULES = YES;
				CLANG_ENABLE_OBJC_ARC = YES;
				CLANG_ENABLE_OBJC_WEAK = YES;
				CLANG_WARN_BLOCK_CAPTURE_AUTORELEASING = YES;
				CLANG_WARN_BOOL_CONVERSION = YES;
				CLANG_WARN_COMMA = YES;
				CLANG_WARN_CONSTANT_CONVERSION = YES;
				CLANG_WARN_DEPRECATED_OBJC_IMPLEMENTATIONS = YES;
				CLANG_WARN_DIRECT_OBJC_ISA_USAGE = YES_ERROR;
				CLANG_WARN_DOCUMENTATION_COMMENTS = YES;
				CLANG_WARN_EMPTY_BODY = YES;
				CLANG_WARN_ENUM_CONVERSION = YES;
				CLANG_WARN_INFINITE_RECURSION = YES;
				CLANG_WARN_INT_CONVERSION = YES;
				CLANG_WARN_NON_LITERAL_NULL_CONVERSION = YES;
				CLANG_WARN_OBJC_IMPLICIT_RETAIN_SELF = YES;
				CLANG_WARN_OBJC_LITERAL_CONVERSION = YES;
				CLANG_WARN_OBJC_ROOT_CLASS = YES_ERROR;
				CLANG_WARN_QUOTED_INCLUDE_IN_FRAMEWORK_HEADER = YES;
				CLANG_WARN_RANGE_LOOP_ANALYSIS = YES;
				CLANG_WARN_STRICT_PROTOTYPES = YES;
				CLANG_WARN_SUSPICIOUS_MOVE = YES;
				CLANG_WARN_UNGUARDED_AVAILABILITY = YES_AGGRESSIVE;
				CLANG_WARN_UNREACHABLE_CODE = YES;
				CLANG_WARN__DUPLICATE_METHOD_MATCH = YES;
				COPY_PHASE_STRIP = NO;
				DEBUG_INFORMATION_FORMAT = dwarf;
				ENABLE_STRICT_OBJC_MSGSEND = YES;
				ENABLE_TESTABILITY = YES;
				GCC_C_LANGUAGE_STANDARD = gnu11;
				GCC_DYNAMIC_NO_PIC = NO;
				GCC_NO_COMMON_BLOCKS = YES;
				GCC_OPTIMIZATION_LEVEL = 0;
				GCC_PREPROCESSOR_DEFINITIONS = (
					"DEBUG=1",
					"$(inherited)",
				);
				GCC_WARN_64_TO_32_BIT_CONVERSION = YES;
				GCC_WARN_ABOUT_RETURN_TYPE = YES_ERROR;
				GCC_WARN_UNDECLARED_SELECTOR = YES;
				GCC_WARN_UNINITIALIZED_AUTOS = YES_AGGRESSIVE;
				GCC_WARN_UNUSED_FUNCTION = YES;
				GCC_WARN_UNUSED_VARIABLE = YES;
				IPHONEOS_DEPLOYMENT_TARGET = 15.4;
				MTL_ENABLE_DEBUG_INFO = INCLUDE_SOURCE;
				MTL_FAST_MATH = YES;
				ONLY_ACTIVE_ARCH = YES;
				SDKROOT = iphoneos;
				SWIFT_ACTIVE_COMPILATION_CONDITIONS = DEBUG;
				SWIFT_OPTIMIZATION_LEVEL = "-Onone";
			};
			name = Debug;
		};
		46FF95A82802D47000529F87 /* Release */ = {
			isa = XCBuildConfiguration;
			buildSettings = {
				ALWAYS_SEARCH_USER_PATHS = NO;
				CLANG_ANALYZER_NONNULL = YES;
				CLANG_ANALYZER_NUMBER_OBJECT_CONVERSION = YES_AGGRESSIVE;
				CLANG_CXX_LANGUAGE_STANDARD = "gnu++17";
				CLANG_ENABLE_MODULES = YES;
				CLANG_ENABLE_OBJC_ARC = YES;
				CLANG_ENABLE_OBJC_WEAK = YES;
				CLANG_WARN_BLOCK_CAPTURE_AUTORELEASING = YES;
				CLANG_WARN_BOOL_CONVERSION = YES;
				CLANG_WARN_COMMA = YES;
				CLANG_WARN_CONSTANT_CONVERSION = YES;
				CLANG_WARN_DEPRECATED_OBJC_IMPLEMENTATIONS = YES;
				CLANG_WARN_DIRECT_OBJC_ISA_USAGE = YES_ERROR;
				CLANG_WARN_DOCUMENTATION_COMMENTS = YES;
				CLANG_WARN_EMPTY_BODY = YES;
				CLANG_WARN_ENUM_CONVERSION = YES;
				CLANG_WARN_INFINITE_RECURSION = YES;
				CLANG_WARN_INT_CONVERSION = YES;
				CLANG_WARN_NON_LITERAL_NULL_CONVERSION = YES;
				CLANG_WARN_OBJC_IMPLICIT_RETAIN_SELF = YES;
				CLANG_WARN_OBJC_LITERAL_CONVERSION = YES;
				CLANG_WARN_OBJC_ROOT_CLASS = YES_ERROR;
				CLANG_WARN_QUOTED_INCLUDE_IN_FRAMEWORK_HEADER = YES;
				CLANG_WARN_RANGE_LOOP_ANALYSIS = YES;
				CLANG_WARN_STRICT_PROTOTYPES = YES;
				CLANG_WARN_SUSPICIOUS_MOVE = YES;
				CLANG_WARN_UNGUARDED_AVAILABILITY = YES_AGGRESSIVE;
				CLANG_WARN_UNREACHABLE_CODE = YES;
				CLANG_WARN__DUPLICATE_METHOD_MATCH = YES;
				COPY_PHASE_STRIP = NO;
				DEBUG_INFORMATION_FORMAT = "dwarf-with-dsym";
				ENABLE_NS_ASSERTIONS = NO;
				ENABLE_STRICT_OBJC_MSGSEND = YES;
				GCC_C_LANGUAGE_STANDARD = gnu11;
				GCC_NO_COMMON_BLOCKS = YES;
				GCC_WARN_64_TO_32_BIT_CONVERSION = YES;
				GCC_WARN_ABOUT_RETURN_TYPE = YES_ERROR;
				GCC_WARN_UNDECLARED_SELECTOR = YES;
				GCC_WARN_UNINITIALIZED_AUTOS = YES_AGGRESSIVE;
				GCC_WARN_UNUSED_FUNCTION = YES;
				GCC_WARN_UNUSED_VARIABLE = YES;
				IPHONEOS_DEPLOYMENT_TARGET = 15.4;
				MTL_ENABLE_DEBUG_INFO = NO;
				MTL_FAST_MATH = YES;
				SDKROOT = iphoneos;
				SWIFT_COMPILATION_MODE = wholemodule;
				SWIFT_OPTIMIZATION_LEVEL = "-O";
				VALIDATE_PRODUCT = YES;
			};
			name = Release;
		};
		46FF95AA2802D47000529F87 /* Debug */ = {
			isa = XCBuildConfiguration;
			buildSettings = {
				ASSETCATALOG_COMPILER_APPICON_NAME = AppIcon;
				ASSETCATALOG_COMPILER_GLOBAL_ACCENT_COLOR_NAME = AccentColor;
				CODE_SIGN_STYLE = Automatic;
				CURRENT_PROJECT_VERSION = 1;
				DEVELOPMENT_TEAM = RL6WJW484U;
				GENERATE_INFOPLIST_FILE = YES;
				INFOPLIST_FILE = Reminders/Info.plist;
				INFOPLIST_KEY_UIApplicationSupportsIndirectInputEvents = YES;
				INFOPLIST_KEY_UILaunchStoryboardName = LaunchScreen;
				INFOPLIST_KEY_UIMainStoryboardFile = Main;
				INFOPLIST_KEY_UISupportedInterfaceOrientations_iPad = "UIInterfaceOrientationPortrait UIInterfaceOrientationPortraitUpsideDown UIInterfaceOrientationLandscapeLeft UIInterfaceOrientationLandscapeRight";
				INFOPLIST_KEY_UISupportedInterfaceOrientations_iPhone = "UIInterfaceOrientationPortrait UIInterfaceOrientationLandscapeLeft UIInterfaceOrientationLandscapeRight";
				LD_RUNPATH_SEARCH_PATHS = (
					"$(inherited)",
					"@executable_path/Frameworks",
				);
				MARKETING_VERSION = 1.0;
				PRODUCT_BUNDLE_IDENTIFIER = matt.dev.Reminders;
				PRODUCT_NAME = "$(TARGET_NAME)";
				SWIFT_EMIT_LOC_STRINGS = YES;
				SWIFT_VERSION = 5.0;
				TARGETED_DEVICE_FAMILY = "1,2";
			};
			name = Debug;
		};
		46FF95AB2802D47000529F87 /* Release */ = {
			isa = XCBuildConfiguration;
			buildSettings = {
				ASSETCATALOG_COMPILER_APPICON_NAME = AppIcon;
				ASSETCATALOG_COMPILER_GLOBAL_ACCENT_COLOR_NAME = AccentColor;
				CODE_SIGN_STYLE = Automatic;
				CURRENT_PROJECT_VERSION = 1;
				DEVELOPMENT_TEAM = RL6WJW484U;
				GENERATE_INFOPLIST_FILE = YES;
				INFOPLIST_FILE = Reminders/Info.plist;
				INFOPLIST_KEY_UIApplicationSupportsIndirectInputEvents = YES;
				INFOPLIST_KEY_UILaunchStoryboardName = LaunchScreen;
				INFOPLIST_KEY_UIMainStoryboardFile = Main;
				INFOPLIST_KEY_UISupportedInterfaceOrientations_iPad = "UIInterfaceOrientationPortrait UIInterfaceOrientationPortraitUpsideDown UIInterfaceOrientationLandscapeLeft UIInterfaceOrientationLandscapeRight";
				INFOPLIST_KEY_UISupportedInterfaceOrientations_iPhone = "UIInterfaceOrientationPortrait UIInterfaceOrientationLandscapeLeft UIInterfaceOrientationLandscapeRight";
				LD_RUNPATH_SEARCH_PATHS = (
					"$(inherited)",
					"@executable_path/Frameworks",
				);
				MARKETING_VERSION = 1.0;
				PRODUCT_BUNDLE_IDENTIFIER = matt.dev.Reminders;
				PRODUCT_NAME = "$(TARGET_NAME)";
				SWIFT_EMIT_LOC_STRINGS = YES;
				SWIFT_VERSION = 5.0;
				TARGETED_DEVICE_FAMILY = "1,2";
			};
			name = Release;
		};
		46FF95AD2802D47000529F87 /* Debug */ = {
			isa = XCBuildConfiguration;
			buildSettings = {
				ALWAYS_EMBED_SWIFT_STANDARD_LIBRARIES = YES;
				BUNDLE_LOADER = "$(TEST_HOST)";
				CODE_SIGN_STYLE = Automatic;
				CURRENT_PROJECT_VERSION = 1;
				DEVELOPMENT_TEAM = RL6WJW484U;
				GENERATE_INFOPLIST_FILE = YES;
				IPHONEOS_DEPLOYMENT_TARGET = 15.4;
				MARKETING_VERSION = 1.0;
				PRODUCT_BUNDLE_IDENTIFIER = matt.dev.RemindersTests;
				PRODUCT_NAME = "$(TARGET_NAME)";
				SWIFT_EMIT_LOC_STRINGS = NO;
				SWIFT_VERSION = 5.0;
				TARGETED_DEVICE_FAMILY = "1,2";
				TEST_HOST = "$(BUILT_PRODUCTS_DIR)/Reminders.app/Reminders";
			};
			name = Debug;
		};
		46FF95AE2802D47000529F87 /* Release */ = {
			isa = XCBuildConfiguration;
			buildSettings = {
				ALWAYS_EMBED_SWIFT_STANDARD_LIBRARIES = YES;
				BUNDLE_LOADER = "$(TEST_HOST)";
				CODE_SIGN_STYLE = Automatic;
				CURRENT_PROJECT_VERSION = 1;
				DEVELOPMENT_TEAM = RL6WJW484U;
				GENERATE_INFOPLIST_FILE = YES;
				IPHONEOS_DEPLOYMENT_TARGET = 15.4;
				MARKETING_VERSION = 1.0;
				PRODUCT_BUNDLE_IDENTIFIER = matt.dev.RemindersTests;
				PRODUCT_NAME = "$(TARGET_NAME)";
				SWIFT_EMIT_LOC_STRINGS = NO;
				SWIFT_VERSION = 5.0;
				TARGETED_DEVICE_FAMILY = "1,2";
				TEST_HOST = "$(BUILT_PRODUCTS_DIR)/Reminders.app/Reminders";
			};
			name = Release;
		};
		46FF95B02802D47000529F87 /* Debug */ = {
			isa = XCBuildConfiguration;
			buildSettings = {
				ALWAYS_EMBED_SWIFT_STANDARD_LIBRARIES = YES;
				CODE_SIGN_STYLE = Automatic;
				CURRENT_PROJECT_VERSION = 1;
				DEVELOPMENT_TEAM = RL6WJW484U;
				GENERATE_INFOPLIST_FILE = YES;
				MARKETING_VERSION = 1.0;
				PRODUCT_BUNDLE_IDENTIFIER = matt.dev.RemindersUITests;
				PRODUCT_NAME = "$(TARGET_NAME)";
				SWIFT_EMIT_LOC_STRINGS = NO;
				SWIFT_VERSION = 5.0;
				TARGETED_DEVICE_FAMILY = "1,2";
				TEST_TARGET_NAME = Reminders;
			};
			name = Debug;
		};
		46FF95B12802D47000529F87 /* Release */ = {
			isa = XCBuildConfiguration;
			buildSettings = {
				ALWAYS_EMBED_SWIFT_STANDARD_LIBRARIES = YES;
				CODE_SIGN_STYLE = Automatic;
				CURRENT_PROJECT_VERSION = 1;
				DEVELOPMENT_TEAM = RL6WJW484U;
				GENERATE_INFOPLIST_FILE = YES;
				MARKETING_VERSION = 1.0;
				PRODUCT_BUNDLE_IDENTIFIER = matt.dev.RemindersUITests;
				PRODUCT_NAME = "$(TARGET_NAME)";
				SWIFT_EMIT_LOC_STRINGS = NO;
				SWIFT_VERSION = 5.0;
				TARGETED_DEVICE_FAMILY = "1,2";
				TEST_TARGET_NAME = Reminders;
			};
			name = Release;
		};
/* End XCBuildConfiguration section */

/* Begin XCConfigurationList section */
		46FF95772802D46F00529F87 /* Build configuration list for PBXProject "Reminders" */ = {
			isa = XCConfigurationList;
			buildConfigurations = (
				46FF95A72802D47000529F87 /* Debug */,
				46FF95A82802D47000529F87 /* Release */,
			);
			defaultConfigurationIsVisible = 0;
			defaultConfigurationName = Release;
		};
		46FF95A92802D47000529F87 /* Build configuration list for PBXNativeTarget "Reminders" */ = {
			isa = XCConfigurationList;
			buildConfigurations = (
				46FF95AA2802D47000529F87 /* Debug */,
				46FF95AB2802D47000529F87 /* Release */,
			);
			defaultConfigurationIsVisible = 0;
			defaultConfigurationName = Release;
		};
		46FF95AC2802D47000529F87 /* Build configuration list for PBXNativeTarget "RemindersTests" */ = {
			isa = XCConfigurationList;
			buildConfigurations = (
				46FF95AD2802D47000529F87 /* Debug */,
				46FF95AE2802D47000529F87 /* Release */,
			);
			defaultConfigurationIsVisible = 0;
			defaultConfigurationName = Release;
		};
		46FF95AF2802D47000529F87 /* Build configuration list for PBXNativeTarget "RemindersUITests" */ = {
			isa = XCConfigurationList;
			buildConfigurations = (
				46FF95B02802D47000529F87 /* Debug */,
				46FF95B12802D47000529F87 /* Release */,
			);
			defaultConfigurationIsVisible = 0;
			defaultConfigurationName = Release;
		};
/* End XCConfigurationList section */

/* Begin XCVersionGroup section */
		46FF95882802D46F00529F87 /* Reminders.xcdatamodeld */ = {
			isa = XCVersionGroup;
			children = (
				46FF95892802D46F00529F87 /* Reminders.xcdatamodel */,
			);
			currentVersion = 46FF95892802D46F00529F87 /* Reminders.xcdatamodel */;
			path = Reminders.xcdatamodeld;
			sourceTree = "<group>";
			versionGroupType = wrapper.xcdatamodel;
		};
/* End XCVersionGroup section */
	};
	rootObject = 46FF95742802D46F00529F87 /* Project object */;
}
